
Microsoft Visual Studio Solution File, Format Version 12.00
# Visual Studio Version 17
VisualStudioVersion = 17.4.33110.190
MinimumVisualStudioVersion = 10.0.40219.1
Project("{9A19103F-16F7-4668-BE54-9A1E7A4F7556}") = "CrmEntity", "..\CrmEntity\CrmEntity.csproj", "{53154E8A-69B9-42EE-8EB5-3B8E5A42D8D0}"
EndProject
Project("{9A19103F-16F7-4668-BE54-9A1E7A4F7556}") = "CrmDataAccess", "..\CrmDataAccess\CrmDataAccess.csproj", "{7D795B4C-51A0-400D-A6EF-59C52B198A25}"
EndProject
Project("{9A19103F-16F7-4668-BE54-9A1E7A4F7556}") = "CrmBusiness", "..\CrmBusiness\CrmBusiness.csproj", "{2050FCEB-00C5-40FE-B983-5D8855D705A1}"
EndProject
Project("{9A19103F-16F7-4668-BE54-9A1E7A4F7556}") = "ISSCrm", "..\ISSCrm\ISSCrm.csproj", "{1C0CD4AF-D562-4A77-A5C5-E04A2C064543}"
EndProject
Global
	GlobalSection(SolutionConfigurationPlatforms) = preSolution
		Debug|Any CPU = Debug|Any CPU
		Release|Any CPU = Release|Any CPU
	EndGlobalSection
	GlobalSection(ProjectConfigurationPlatforms) = postSolution
		{53154E8A-69B9-42EE-8EB5-3B8E5A42D8D0}.Debug|Any CPU.ActiveCfg = Debug|Any CPU
		{53154E8A-69B9-42EE-8EB5-3B8E5A42D8D0}.Debug|Any CPU.Build.0 = Debug|Any CPU
		{53154E8A-69B9-42EE-8EB5-3B8E5A42D8D0}.Release|Any CPU.ActiveCfg = Release|Any CPU
		{53154E8A-69B9-42EE-8EB5-3B8E5A42D8D0}.Release|Any CPU.Build.0 = Release|Any CPU
		{7D795B4C-51A0-400D-A6EF-59C52B198A25}.Debug|Any CPU.ActiveCfg = Debug|Any CPU
		{7D795B4C-51A0-400D-A6EF-59C52B198A25}.Debug|Any CPU.Build.0 = Debug|Any CPU
		{7D795B4C-51A0-400D-A6EF-59C52B198A25}.Release|Any CPU.ActiveCfg = Release|Any CPU
		{7D795B4C-51A0-400D-A6EF-59C52B198A25}.Release|Any CPU.Build.0 = Release|Any CPU
		{2050FCEB-00C5-40FE-B983-5D8855D705A1}.Debug|Any CPU.ActiveCfg = Debug|Any CPU
		{2050FCEB-00C5-40FE-B983-5D8855D705A1}.Debug|Any CPU.Build.0 = Debug|Any CPU
		{2050FCEB-00C5-40FE-B983-5D8855D705A1}.Release|Any CPU.ActiveCfg = Release|Any CPU
		{2050FCEB-00C5-40FE-B983-5D8855D705A1}.Release|Any CPU.Build.0 = Release|Any CPU
		{1C0CD4AF-D562-4A77-A5C5-E04A2C064543}.Debug|Any CPU.ActiveCfg = Debug|Any CPU
		{1C0CD4AF-D562-4A77-A5C5-E04A2C064543}.Debug|Any CPU.Build.0 = Debug|Any CPU
		{1C0CD4AF-D562-4A77-A5C5-E04A2C064543}.Release|Any CPU.ActiveCfg = Release|Any CPU
		{1C0CD4AF-D562-4A77-A5C5-E04A2C064543}.Release|Any CPU.Build.0 = Release|Any CPU
	EndGlobalSection
	GlobalSection(SolutionProperties) = preSolution
		HideSolutionNode = FALSE
	EndGlobalSection
	GlobalSection(ExtensibilityGlobals) = postSolution
		SolutionGuid = {67E675FF-2D9D-495F-8CBB-B68159F24F6D}
	EndGlobalSection
EndGlobal
